// !$*UTF8*$!
{
	archiveVersion = 1;
	classes = {
	};
	objectVersion = 50;
	objects = {

/* Begin PBXBuildFile section */
		EB40103F25C1827100E49B45 /* AppDelegate.swift in Sources */ = {isa = PBXBuildFile; fileRef = EB40103E25C1827100E49B45 /* AppDelegate.swift */; };
		EB40104125C1827100E49B45 /* SceneDelegate.swift in Sources */ = {isa = PBXBuildFile; fileRef = EB40104025C1827100E49B45 /* SceneDelegate.swift */; };
		EB40104325C1827100E49B45 /* ViewController.swift in Sources */ = {isa = PBXBuildFile; fileRef = EB40104225C1827100E49B45 /* ViewController.swift */; };
		EB40104625C1827100E49B45 /* Main.storyboard in Resources */ = {isa = PBXBuildFile; fileRef = EB40104425C1827100E49B45 /* Main.storyboard */; };
		EB40104825C1827300E49B45 /* Assets.xcassets in Resources */ = {isa = PBXBuildFile; fileRef = EB40104725C1827300E49B45 /* Assets.xcassets */; };
		EB40104B25C1827300E49B45 /* LaunchScreen.storyboard in Resources */ = {isa = PBXBuildFile; fileRef = EB40104925C1827300E49B45 /* LaunchScreen.storyboard */; };
		EB40105625C1827300E49B45 /* quizuTests.swift in Sources */ = {isa = PBXBuildFile; fileRef = EB40105525C1827300E49B45 /* quizuTests.swift */; };
		EB40106125C1827300E49B45 /* quizuUITests.swift in Sources */ = {isa = PBXBuildFile; fileRef = EB40106025C1827300E49B45 /* quizuUITests.swift */; };
/* End PBXBuildFile section */

/* Begin PBXContainerItemProxy section */
		EB40105225C1827300E49B45 /* PBXContainerItemProxy */ = {
			isa = PBXContainerItemProxy;
			containerPortal = EB40103325C1827100E49B45 /* Project object */;
			proxyType = 1;
			remoteGlobalIDString = EB40103A25C1827100E49B45;
			remoteInfo = quizu;
		};
		EB40105D25C1827300E49B45 /* PBXContainerItemProxy */ = {
			isa = PBXContainerItemProxy;
			containerPortal = EB40103325C1827100E49B45 /* Project object */;
			proxyType = 1;
			remoteGlobalIDString = EB40103A25C1827100E49B45;
			remoteInfo = quizu;
		};
/* End PBXContainerItemProxy section */

/* Begin PBXFileReference section */
		EB40103B25C1827100E49B45 /* quizu.app */ = {isa = PBXFileReference; explicitFileType = wrapper.application; includeInIndex = 0; path = quizu.app; sourceTree = BUILT_PRODUCTS_DIR; };
		EB40103E25C1827100E49B45 /* AppDelegate.swift */ = {isa = PBXFileReference; lastKnownFileType = sourcecode.swift; path = AppDelegate.swift; sourceTree = "<group>"; };
		EB40104025C1827100E49B45 /* SceneDelegate.swift */ = {isa = PBXFileReference; lastKnownFileType = sourcecode.swift; path = SceneDelegate.swift; sourceTree = "<group>"; };
		EB40104225C1827100E49B45 /* ViewController.swift */ = {isa = PBXFileReference; lastKnownFileType = sourcecode.swift; path = ViewController.swift; sourceTree = "<group>"; };
		EB40104525C1827100E49B45 /* Base */ = {isa = PBXFileReference; lastKnownFileType = file.storyboard; name = Base; path = Base.lproj/Main.storyboard; sourceTree = "<group>"; };
		EB40104725C1827300E49B45 /* Assets.xcassets */ = {isa = PBXFileReference; lastKnownFileType = folder.assetcatalog; path = Assets.xcassets; sourceTree = "<group>"; };
		EB40104A25C1827300E49B45 /* Base */ = {isa = PBXFileReference; lastKnownFileType = file.storyboard; name = Base; path = Base.lproj/LaunchScreen.storyboard; sourceTree = "<group>"; };
		EB40104C25C1827300E49B45 /* Info.plist */ = {isa = PBXFileReference; lastKnownFileType = text.plist.xml; path = Info.plist; sourceTree = "<group>"; };
		EB40105125C1827300E49B45 /* quizuTests.xctest */ = {isa = PBXFileReference; explicitFileType = wrapper.cfbundle; includeInIndex = 0; path = quizuTests.xctest; sourceTree = BUILT_PRODUCTS_DIR; };
		EB40105525C1827300E49B45 /* quizuTests.swift */ = {isa = PBXFileReference; lastKnownFileType = sourcecode.swift; path = quizuTests.swift; sourceTree = "<group>"; };
		EB40105725C1827300E49B45 /* Info.plist */ = {isa = PBXFileReference; lastKnownFileType = text.plist.xml; path = Info.plist; sourceTree = "<group>"; };
		EB40105C25C1827300E49B45 /* quizuUITests.xctest */ = {isa = PBXFileReference; explicitFileType = wrapper.cfbundle; includeInIndex = 0; path = quizuUITests.xctest; sourceTree = BUILT_PRODUCTS_DIR; };
		EB40106025C1827300E49B45 /* quizuUITests.swift */ = {isa = PBXFileReference; lastKnownFileType = sourcecode.swift; path = quizuUITests.swift; sourceTree = "<group>"; };
		EB40106225C1827300E49B45 /* Info.plist */ = {isa = PBXFileReference; lastKnownFileType = text.plist.xml; path = Info.plist; sourceTree = "<group>"; };
/* End PBXFileReference section */

/* Begin PBXFrameworksBuildPhase section */
		EB40103825C1827100E49B45 /* Frameworks */ = {
			isa = PBXFrameworksBuildPhase;
			buildActionMask = 2147483647;
			files = (
			);
			runOnlyForDeploymentPostprocessing = 0;
		};
		EB40104E25C1827300E49B45 /* Frameworks */ = {
			isa = PBXFrameworksBuildPhase;
			buildActionMask = 2147483647;
			files = (
			);
			runOnlyForDeploymentPostprocessing = 0;
		};
		EB40105925C1827300E49B45 /* Frameworks */ = {
			isa = PBXFrameworksBuildPhase;
			buildActionMask = 2147483647;
			files = (
			);
			runOnlyForDeploymentPostprocessing = 0;
		};
/* End PBXFrameworksBuildPhase section */

/* Begin PBXGroup section */
		EB40103225C1827100E49B45 = {
			isa = PBXGroup;
			children = (
				EB40103D25C1827100E49B45 /* quizu */,
				EB40105425C1827300E49B45 /* quizuTests */,
				EB40105F25C1827300E49B45 /* quizuUITests */,
				EB40103C25C1827100E49B45 /* Products */,
			);
			sourceTree = "<group>";
		};
		EB40103C25C1827100E49B45 /* Products */ = {
			isa = PBXGroup;
			children = (
				EB40103B25C1827100E49B45 /* quizu.app */,
				EB40105125C1827300E49B45 /* quizuTests.xctest */,
				EB40105C25C1827300E49B45 /* quizuUITests.xctest */,
			);
			name = Products;
			sourceTree = "<group>";
		};
		EB40103D25C1827100E49B45 /* quizu */ = {
			isa = PBXGroup;
			children = (
				EB40103E25C1827100E49B45 /* AppDelegate.swift */,
				EB40104025C1827100E49B45 /* SceneDelegate.swift */,
				EB40104225C1827100E49B45 /* ViewController.swift */,
				EB40104425C1827100E49B45 /* Main.storyboard */,
				EB40104725C1827300E49B45 /* Assets.xcassets */,
				EB40104925C1827300E49B45 /* LaunchScreen.storyboard */,
				EB40104C25C1827300E49B45 /* Info.plist */,
			);
			path = quizu;
			sourceTree = "<group>";
		};
		EB40105425C1827300E49B45 /* quizuTests */ = {
			isa = PBXGroup;
			children = (
				EB40105525C1827300E49B45 /* quizuTests.swift */,
				EB40105725C1827300E49B45 /* Info.plist */,
			);
			path = quizuTests;
			sourceTree = "<group>";
		};
		EB40105F25C1827300E49B45 /* quizuUITests */ = {
			isa = PBXGroup;
			children = (
				EB40106025C1827300E49B45 /* quizuUITests.swift */,
				EB40106225C1827300E49B45 /* Info.plist */,
			);
			path = quizuUITests;
			sourceTree = "<group>";
		};
/* End PBXGroup section */

/* Begin PBXNativeTarget section */
		EB40103A25C1827100E49B45 /* quizu */ = {
			isa = PBXNativeTarget;
			buildConfigurationList = EB40106525C1827300E49B45 /* Build configuration list for PBXNativeTarget "quizu" */;
			buildPhases = (
				EB40103725C1827100E49B45 /* Sources */,
				EB40103825C1827100E49B45 /* Frameworks */,
				EB40103925C1827100E49B45 /* Resources */,
			);
			buildRules = (
			);
			dependencies = (
			);
			name = quizu;
			productName = quizu;
			productReference = EB40103B25C1827100E49B45 /* quizu.app */;
			productType = "com.apple.product-type.application";
		};
		EB40105025C1827300E49B45 /* quizuTests */ = {
			isa = PBXNativeTarget;
			buildConfigurationList = EB40106825C1827300E49B45 /* Build configuration list for PBXNativeTarget "quizuTests" */;
			buildPhases = (
				EB40104D25C1827300E49B45 /* Sources */,
				EB40104E25C1827300E49B45 /* Frameworks */,
				EB40104F25C1827300E49B45 /* Resources */,
			);
			buildRules = (
			);
			dependencies = (
				EB40105325C1827300E49B45 /* PBXTargetDependency */,
			);
			name = quizuTests;
			productName = quizuTests;
			productReference = EB40105125C1827300E49B45 /* quizuTests.xctest */;
			productType = "com.apple.product-type.bundle.unit-test";
		};
		EB40105B25C1827300E49B45 /* quizuUITests */ = {
			isa = PBXNativeTarget;
			buildConfigurationList = EB40106B25C1827300E49B45 /* Build configuration list for PBXNativeTarget "quizuUITests" */;
			buildPhases = (
				EB40105825C1827300E49B45 /* Sources */,
				EB40105925C1827300E49B45 /* Frameworks */,
				EB40105A25C1827300E49B45 /* Resources */,
			);
			buildRules = (
			);
			dependencies = (
				EB40105E25C1827300E49B45 /* PBXTargetDependency */,
			);
			name = quizuUITests;
			productName = quizuUITests;
			productReference = EB40105C25C1827300E49B45 /* quizuUITests.xctest */;
			productType = "com.apple.product-type.bundle.ui-testing";
		};
/* End PBXNativeTarget section */

/* Begin PBXProject section */
		EB40103325C1827100E49B45 /* Project object */ = {
			isa = PBXProject;
			attributes = {
				LastSwiftUpdateCheck = 1230;
				LastUpgradeCheck = 1230;
				TargetAttributes = {
					EB40103A25C1827100E49B45 = {
						CreatedOnToolsVersion = 12.3;
					};
					EB40105025C1827300E49B45 = {
						CreatedOnToolsVersion = 12.3;
						TestTargetID = EB40103A25C1827100E49B45;
					};
					EB40105B25C1827300E49B45 = {
						CreatedOnToolsVersion = 12.3;
						TestTargetID = EB40103A25C1827100E49B45;
					};
				};
			};
			buildConfigurationList = EB40103625C1827100E49B45 /* Build configuration list for PBXProject "quizu" */;
			compatibilityVersion = "Xcode 9.3";
			developmentRegion = en;
			hasScannedForEncodings = 0;
			knownRegions = (
				en,
				Base,
			);
			mainGroup = EB40103225C1827100E49B45;
			productRefGroup = EB40103C25C1827100E49B45 /* Products */;
			projectDirPath = "";
			projectRoot = "";
			targets = (
				EB40103A25C1827100E49B45 /* quizu */,
				EB40105025C1827300E49B45 /* quizuTests */,
				EB40105B25C1827300E49B45 /* quizuUITests */,
			);
		};
/* End PBXProject section */

/* Begin PBXResourcesBuildPhase section */
		EB40103925C1827100E49B45 /* Resources */ = {
			isa = PBXResourcesBuildPhase;
			buildActionMask = 2147483647;
			files = (
				EB40104B25C1827300E49B45 /* LaunchScreen.storyboard in Resources */,
				EB40104825C1827300E49B45 /* Assets.xcassets in Resources */,
				EB40104625C1827100E49B45 /* Main.storyboard in Resources */,
			);
			runOnlyForDeploymentPostprocessing = 0;
		};
		EB40104F25C1827300E49B45 /* Resources */ = {
			isa = PBXResourcesBuildPhase;
			buildActionMask = 2147483647;
			files = (
			);
			runOnlyForDeploymentPostprocessing = 0;
		};
		EB40105A25C1827300E49B45 /* Resources */ = {
			isa = PBXResourcesBuildPhase;
			buildActionMask = 2147483647;
			files = (
			);
			runOnlyForDeploymentPostprocessing = 0;
		};
/* End PBXResourcesBuildPhase section */

/* Begin PBXSourcesBuildPhase section */
		EB40103725C1827100E49B45 /* Sources */ = {
			isa = PBXSourcesBuildPhase;
			buildActionMask = 2147483647;
			files = (
				EB40104325C1827100E49B45 /* ViewController.swift in Sources */,
				EB40103F25C1827100E49B45 /* AppDelegate.swift in Sources */,
				EB40104125C1827100E49B45 /* SceneDelegate.swift in Sources */,
			);
			runOnlyForDeploymentPostprocessing = 0;
		};
		EB40104D25C1827300E49B45 /* Sources */ = {
			isa = PBXSourcesBuildPhase;
			buildActionMask = 2147483647;
			files = (
				EB40105625C1827300E49B45 /* quizuTests.swift in Sources */,
			);
			runOnlyForDeploymentPostprocessing = 0;
		};
		EB40105825C1827300E49B45 /* Sources */ = {
			isa = PBXSourcesBuildPhase;
			buildActionMask = 2147483647;
			files = (
				EB40106125C1827300E49B45 /* quizuUITests.swift in Sources */,
			);
			runOnlyForDeploymentPostprocessing = 0;
		};
/* End PBXSourcesBuildPhase section */

/* Begin PBXTargetDependency section */
		EB40105325C1827300E49B45 /* PBXTargetDependency */ = {
			isa = PBXTargetDependency;
			target = EB40103A25C1827100E49B45 /* quizu */;
			targetProxy = EB40105225C1827300E49B45 /* PBXContainerItemProxy */;
		};
		EB40105E25C1827300E49B45 /* PBXTargetDependency */ = {
			isa = PBXTargetDependency;
			target = EB40103A25C1827100E49B45 /* quizu */;
			targetProxy = EB40105D25C1827300E49B45 /* PBXContainerItemProxy */;
		};
/* End PBXTargetDependency section */

/* Begin PBXVariantGroup section */
		EB40104425C1827100E49B45 /* Main.storyboard */ = {
			isa = PBXVariantGroup;
			children = (
				EB40104525C1827100E49B45 /* Base */,
			);
			name = Main.storyboard;
			sourceTree = "<group>";
		};
		EB40104925C1827300E49B45 /* LaunchScreen.storyboard */ = {
			isa = PBXVariantGroup;
			children = (
				EB40104A25C1827300E49B45 /* Base */,
			);
			name = LaunchScreen.storyboard;
			sourceTree = "<group>";
		};
/* End PBXVariantGroup section */

/* Begin XCBuildConfiguration section */
		EB40106325C1827300E49B45 /* Debug */ = {
			isa = XCBuildConfiguration;
			buildSettings = {
				ALWAYS_SEARCH_USER_PATHS = NO;
				CLANG_ANALYZER_NONNULL = YES;
				CLANG_ANALYZER_NUMBER_OBJECT_CONVERSION = YES_AGGRESSIVE;
				CLANG_CXX_LANGUAGE_STANDARD = "gnu++14";
				CLANG_CXX_LIBRARY = "libc++";
				CLANG_ENABLE_MODULES = YES;
				CLANG_ENABLE_OBJC_ARC = YES;
				CLANG_ENABLE_OBJC_WEAK = YES;
				CLANG_WARN_BLOCK_CAPTURE_AUTORELEASING = YES;
				CLANG_WARN_BOOL_CONVERSION = YES;
				CLANG_WARN_COMMA = YES;
				CLANG_WARN_CONSTANT_CONVERSION = YES;
				CLANG_WARN_DEPRECATED_OBJC_IMPLEMENTATIONS = YES;
				CLANG_WARN_DIRECT_OBJC_ISA_USAGE = YES_ERROR;
				CLANG_WARN_DOCUMENTATION_COMMENTS = YES;
				CLANG_WARN_EMPTY_BODY = YES;
				CLANG_WARN_ENUM_CONVERSION = YES;
				CLANG_WARN_INFINITE_RECURSION = YES;
				CLANG_WARN_INT_CONVERSION = YES;
				CLANG_WARN_NON_LITERAL_NULL_CONVERSION = YES;
				CLANG_WARN_OBJC_IMPLICIT_RETAIN_SELF = YES;
				CLANG_WARN_OBJC_LITERAL_CONVERSION = YES;
				CLANG_WARN_OBJC_ROOT_CLASS = YES_ERROR;
				CLANG_WARN_QUOTED_INCLUDE_IN_FRAMEWORK_HEADER = YES;
				CLANG_WARN_RANGE_LOOP_ANALYSIS = YES;
				CLANG_WARN_STRICT_PROTOTYPES = YES;
				CLANG_WARN_SUSPICIOUS_MOVE = YES;
				CLANG_WARN_UNGUARDED_AVAILABILITY = YES_AGGRESSIVE;
				CLANG_WARN_UNREACHABLE_CODE = YES;
				CLANG_WARN__DUPLICATE_METHOD_MATCH = YES;
				COPY_PHASE_STRIP = NO;
				DEBUG_INFORMATION_FORMAT = dwarf;
				ENABLE_STRICT_OBJC_MSGSEND = YES;
				ENABLE_TESTABILITY = YES;
				GCC_C_LANGUAGE_STANDARD = gnu11;
				GCC_DYNAMIC_NO_PIC = NO;
				GCC_NO_COMMON_BLOCKS = YES;
				GCC_OPTIMIZATION_LEVEL = 0;
				GCC_PREPROCESSOR_DEFINITIONS = (
					"DEBUG=1",
					"$(inherited)",
				);
				GCC_WARN_64_TO_32_BIT_CONVERSION = YES;
				GCC_WARN_ABOUT_RETURN_TYPE = YES_ERROR;
				GCC_WARN_UNDECLARED_SELECTOR = YES;
				GCC_WARN_UNINITIALIZED_AUTOS = YES_AGGRESSIVE;
				GCC_WARN_UNUSED_FUNCTION = YES;
				GCC_WARN_UNUSED_VARIABLE = YES;
				IPHONEOS_DEPLOYMENT_TARGET = 14.3;
				MTL_ENABLE_DEBUG_INFO = INCLUDE_SOURCE;
				MTL_FAST_MATH = YES;
				ONLY_ACTIVE_ARCH = YES;
				SDKROOT = iphoneos;
				SWIFT_ACTIVE_COMPILATION_CONDITIONS = DEBUG;
				SWIFT_OPTIMIZATION_LEVEL = "-Onone";
			};
			name = Debug;
		};
		EB40106425C1827300E49B45 /* Release */ = {
			isa = XCBuildConfiguration;
			buildSettings = {
				ALWAYS_SEARCH_USER_PATHS = NO;
				CLANG_ANALYZER_NONNULL = YES;
				CLANG_ANALYZER_NUMBER_OBJECT_CONVERSION = YES_AGGRESSIVE;
				CLANG_CXX_LANGUAGE_STANDARD = "gnu++14";
				CLANG_CXX_LIBRARY = "libc++";
				CLANG_ENABLE_MODULES = YES;
				CLANG_ENABLE_OBJC_ARC = YES;
				CLANG_ENABLE_OBJC_WEAK = YES;
				CLANG_WARN_BLOCK_CAPTURE_AUTORELEASING = YES;
				CLANG_WARN_BOOL_CONVERSION = YES;
				CLANG_WARN_COMMA = YES;
				CLANG_WARN_CONSTANT_CONVERSION = YES;
				CLANG_WARN_DEPRECATED_OBJC_IMPLEMENTATIONS = YES;
				CLANG_WARN_DIRECT_OBJC_ISA_USAGE = YES_ERROR;
				CLANG_WARN_DOCUMENTATION_COMMENTS = YES;
				CLANG_WARN_EMPTY_BODY = YES;
				CLANG_WARN_ENUM_CONVERSION = YES;
				CLANG_WARN_INFINITE_RECURSION = YES;
				CLANG_WARN_INT_CONVERSION = YES;
				CLANG_WARN_NON_LITERAL_NULL_CONVERSION = YES;
				CLANG_WARN_OBJC_IMPLICIT_RETAIN_SELF = YES;
				CLANG_WARN_OBJC_LITERAL_CONVERSION = YES;
				CLANG_WARN_OBJC_ROOT_CLASS = YES_ERROR;
				CLANG_WARN_QUOTED_INCLUDE_IN_FRAMEWORK_HEADER = YES;
				CLANG_WARN_RANGE_LOOP_ANALYSIS = YES;
				CLANG_WARN_STRICT_PROTOTYPES = YES;
				CLANG_WARN_SUSPICIOUS_MOVE = YES;
				CLANG_WARN_UNGUARDED_AVAILABILITY = YES_AGGRESSIVE;
				CLANG_WARN_UNREACHABLE_CODE = YES;
				CLANG_WARN__DUPLICATE_METHOD_MATCH = YES;
				COPY_PHASE_STRIP = NO;
				DEBUG_INFORMATION_FORMAT = "dwarf-with-dsym";
				ENABLE_NS_ASSERTIONS = NO;
				ENABLE_STRICT_OBJC_MSGSEND = YES;
				GCC_C_LANGUAGE_STANDARD = gnu11;
				GCC_NO_COMMON_BLOCKS = YES;
				GCC_WARN_64_TO_32_BIT_CONVERSION = YES;
				GCC_WARN_ABOUT_RETURN_TYPE = YES_ERROR;
				GCC_WARN_UNDECLARED_SELECTOR = YES;
				GCC_WARN_UNINITIALIZED_AUTOS = YES_AGGRESSIVE;
				GCC_WARN_UNUSED_FUNCTION = YES;
				GCC_WARN_UNUSED_VARIABLE = YES;
				IPHONEOS_DEPLOYMENT_TARGET = 14.3;
				MTL_ENABLE_DEBUG_INFO = NO;
				MTL_FAST_MATH = YES;
				SDKROOT = iphoneos;
				SWIFT_COMPILATION_MODE = wholemodule;
				SWIFT_OPTIMIZATION_LEVEL = "-O";
				VALIDATE_PRODUCT = YES;
			};
			name = Release;
		};
		EB40106625C1827300E49B45 /* Debug */ = {
			isa = XCBuildConfiguration;
			buildSettings = {
				ASSETCATALOG_COMPILER_APPICON_NAME = AppIcon;
				ASSETCATALOG_COMPILER_GLOBAL_ACCENT_COLOR_NAME = AccentColor;
				CODE_SIGN_STYLE = Automatic;
				INFOPLIST_FILE = quizu/Info.plist;
				LD_RUNPATH_SEARCH_PATHS = (
					"$(inherited)",
					"@executable_path/Frameworks",
				);
				PRODUCT_BUNDLE_IDENTIFIER = com.litech.quizu;
				PRODUCT_NAME = "$(TARGET_NAME)";
				SWIFT_VERSION = 5.0;
				TARGETED_DEVICE_FAMILY = "1,2";
			};
			name = Debug;
		};
		EB40106725C1827300E49B45 /* Release */ = {
			isa = XCBuildConfiguration;
			buildSettings = {
				ASSETCATALOG_COMPILER_APPICON_NAME = AppIcon;
				ASSETCATALOG_COMPILER_GLOBAL_ACCENT_COLOR_NAME = AccentColor;
				CODE_SIGN_STYLE = Automatic;
				INFOPLIST_FILE = quizu/Info.plist;
				LD_RUNPATH_SEARCH_PATHS = (
					"$(inherited)",
					"@executable_path/Frameworks",
				);
				PRODUCT_BUNDLE_IDENTIFIER = com.litech.quizu;
				PRODUCT_NAME = "$(TARGET_NAME)";
				SWIFT_VERSION = 5.0;
				TARGETED_DEVICE_FAMILY = "1,2";
			};
			name = Release;
		};
		EB40106925C1827300E49B45 /* Debug */ = {
			isa = XCBuildConfiguration;
			buildSettings = {
				ALWAYS_EMBED_SWIFT_STANDARD_LIBRARIES = YES;
				BUNDLE_LOADER = "$(TEST_HOST)";
				CODE_SIGN_STYLE = Automatic;
				INFOPLIST_FILE = quizuTests/Info.plist;
				IPHONEOS_DEPLOYMENT_TARGET = 14.3;
				LD_RUNPATH_SEARCH_PATHS = (
					"$(inherited)",
					"@executable_path/Frameworks",
					"@loader_path/Frameworks",
				);
				PRODUCT_BUNDLE_IDENTIFIER = com.litech.quizuTests;
				PRODUCT_NAME = "$(TARGET_NAME)";
				SWIFT_VERSION = 5.0;
				TARGETED_DEVICE_FAMILY = "1,2";
				TEST_HOST = "$(BUILT_PRODUCTS_DIR)/quizu.app/quizu";
			};
			name = Debug;
		};
		EB40106A25C1827300E49B45 /* Release */ = {
			isa = XCBuildConfiguration;
			buildSettings = {
				ALWAYS_EMBED_SWIFT_STANDARD_LIBRARIES = YES;
				BUNDLE_LOADER = "$(TEST_HOST)";
				CODE_SIGN_STYLE = Automatic;
				INFOPLIST_FILE = quizuTests/Info.plist;
				IPHONEOS_DEPLOYMENT_TARGET = 14.3;
				LD_RUNPATH_SEARCH_PATHS = (
					"$(inherited)",
					"@executable_path/Frameworks",
					"@loader_path/Frameworks",
				);
				PRODUCT_BUNDLE_IDENTIFIER = com.litech.quizuTests;
				PRODUCT_NAME = "$(TARGET_NAME)";
				SWIFT_VERSION = 5.0;
				TARGETED_DEVICE_FAMILY = "1,2";
				TEST_HOST = "$(BUILT_PRODUCTS_DIR)/quizu.app/quizu";
			};
			name = Release;
		};
		EB40106C25C1827300E49B45 /* Debug */ = {
			isa = XCBuildConfiguration;
			buildSettings = {
				ALWAYS_EMBED_SWIFT_STANDARD_LIBRARIES = YES;
				CODE_SIGN_STYLE = Automatic;
				INFOPLIST_FILE = quizuUITests/Info.plist;
				LD_RUNPATH_SEARCH_PATHS = (
					"$(inherited)",
					"@executable_path/Frameworks",
					"@loader_path/Frameworks",
				);
				PRODUCT_BUNDLE_IDENTIFIER = com.litech.quizuUITests;
				PRODUCT_NAME = "$(TARGET_NAME)";
				SWIFT_VERSION = 5.0;
				TARGETED_DEVICE_FAMILY = "1,2";
				TEST_TARGET_NAME = quizu;
			};
			name = Debug;
		};
		EB40106D25C1827300E49B45 /* Release */ = {
			isa = XCBuildConfiguration;
			buildSettings = {
				ALWAYS_EMBED_SWIFT_STANDARD_LIBRARIES = YES;
				CODE_SIGN_STYLE = Automatic;
				INFOPLIST_FILE = quizuUITests/Info.plist;
				LD_RUNPATH_SEARCH_PATHS = (
					"$(inherited)",
					"@executable_path/Frameworks",
					"@loader_path/Frameworks",
				);
				PRODUCT_BUNDLE_IDENTIFIER = com.litech.quizuUITests;
				PRODUCT_NAME = "$(TARGET_NAME)";
				SWIFT_VERSION = 5.0;
				TARGETED_DEVICE_FAMILY = "1,2";
				TEST_TARGET_NAME = quizu;
			};
			name = Release;
		};
/* End XCBuildConfiguration section */

/* Begin XCConfigurationList section */
		EB40103625C1827100E49B45 /* Build configuration list for PBXProject "quizu" */ = {
			isa = XCConfigurationList;
			buildConfigurations = (
				EB40106325C1827300E49B45 /* Debug */,
				EB40106425C1827300E49B45 /* Release */,
			);
			defaultConfigurationIsVisible = 0;
			defaultConfigurationName = Release;
		};
		EB40106525C1827300E49B45 /* Build configuration list for PBXNativeTarget "quizu" */ = {
			isa = XCConfigurationList;
			buildConfigurations = (
				EB40106625C1827300E49B45 /* Debug */,
				EB40106725C1827300E49B45 /* Release */,
			);
			defaultConfigurationIsVisible = 0;
			defaultConfigurationName = Release;
		};
		EB40106825C1827300E49B45 /* Build configuration list for PBXNativeTarget "quizuTests" */ = {
			isa = XCConfigurationList;
			buildConfigurations = (
				EB40106925C1827300E49B45 /* Debug */,
				EB40106A25C1827300E49B45 /* Release */,
			);
			defaultConfigurationIsVisible = 0;
			defaultConfigurationName = Release;
		};
		EB40106B25C1827300E49B45 /* Build configuration list for PBXNativeTarget "quizuUITests" */ = {
			isa = XCConfigurationList;
			buildConfigurations = (
				EB40106C25C1827300E49B45 /* Debug */,
				EB40106D25C1827300E49B45 /* Release */,
			);
			defaultConfigurationIsVisible = 0;
			defaultConfigurationName = Release;
		};
/* End XCConfigurationList section */
	};
	rootObject = EB40103325C1827100E49B45 /* Project object */;
}
